
Microsoft Visual Studio Solution File, Format Version 12.00
# Visual Studio Version 17
VisualStudioVersion = 17.14.36202.13 d17.14
MinimumVisualStudioVersion = 10.0.40219.1
Project("{FAE04EC0-301F-11D3-BF4B-00C04F79EFBC}") = "introWpf ex2", "introWpf ex2.csproj", "{248E417F-BB97-4B26-9A09-0AE5547DF453}"
EndProject
Global
	GlobalSection(SolutionConfigurationPlatforms) = preSolution
		Debug|Any CPU = Debug|Any CPU
		Release|Any CPU = Release|Any CPU
	EndGlobalSection
	GlobalSection(ProjectConfigurationPlatforms) = postSolution
		{248E417F-BB97-4B26-9A09-0AE5547DF453}.Debug|Any CPU.ActiveCfg = Debug|Any CPU
		{248E417F-BB97-4B26-9A09-0AE5547DF453}.Debug|Any CPU.Build.0 = Debug|Any CPU
		{248E417F-BB97-4B26-9A09-0AE5547DF453}.Release|Any CPU.ActiveCfg = Release|Any CPU
		{248E417F-BB97-4B26-9A09-0AE5547DF453}.Release|Any CPU.Build.0 = Release|Any CPU
	EndGlobalSection
	GlobalSection(SolutionProperties) = preSolution
		HideSolutionNode = FALSE
	EndGlobalSection
	GlobalSection(ExtensibilityGlobals) = postSolution
		SolutionGuid = {EB191FBD-C6AA-44E5-BA9B-0F0C9B371444}
	EndGlobalSection
EndGlobal
